{
  "requires": true,
  "lockfileVersion": 1,
  "dependencies": {
    "@blackhole1123/terminal.js": {
      "version": "0.2.4",
      "resolved": "https://registry.npmjs.org/@blackhole1123/terminal.js/-/terminal.js-0.2.4.tgz",
      "integrity": "sha512-9GNyZ2bM124+dEiSuAJBr+P9X2OnUm/t/y3k8Hj/7AbDzDFCVjt/OfCf/G5452lS1YIEXGjs3ZkzRSV0ZVnuYg=="
    }
  }
}
